
Microsoft Visual Studio Solution File, Format Version 12.00
# Visual Studio Version 16
VisualStudioVersion = 16.0.30523.141
MinimumVisualStudioVersion = 10.0.40219.1
Project("{FAE04EC0-301F-11D3-BF4B-00C04F79EFBC}") = "LinkedList.tests", "LinkedList.tests\LinkedList.tests.csproj", "{D271822A-122F-4CAE-950D-3AA99612A911}"
EndProject
Project("{FAE04EC0-301F-11D3-BF4B-00C04F79EFBC}") = "LinkedList.lib", "LinkedList.lib\LinkedList.lib.csproj", "{41CD9BFB-42FE-49F6-BC01-18F2BFB63E0B}"
EndProject
Global
	GlobalSection(SolutionConfigurationPlatforms) = preSolution
		Debug|Any CPU = Debug|Any CPU
		Release|Any CPU = Release|Any CPU
	EndGlobalSection
	GlobalSection(ProjectConfigurationPlatforms) = postSolution
		{D271822A-122F-4CAE-950D-3AA99612A911}.Debug|Any CPU.ActiveCfg = Debug|Any CPU
		{D271822A-122F-4CAE-950D-3AA99612A911}.Debug|Any CPU.Build.0 = Debug|Any CPU
		{D271822A-122F-4CAE-950D-3AA99612A911}.Release|Any CPU.ActiveCfg = Release|Any CPU
		{D271822A-122F-4CAE-950D-3AA99612A911}.Release|Any CPU.Build.0 = Release|Any CPU
		{41CD9BFB-42FE-49F6-BC01-18F2BFB63E0B}.Debug|Any CPU.ActiveCfg = Debug|Any CPU
		{41CD9BFB-42FE-49F6-BC01-18F2BFB63E0B}.Debug|Any CPU.Build.0 = Debug|Any CPU
		{41CD9BFB-42FE-49F6-BC01-18F2BFB63E0B}.Release|Any CPU.ActiveCfg = Release|Any CPU
		{41CD9BFB-42FE-49F6-BC01-18F2BFB63E0B}.Release|Any CPU.Build.0 = Release|Any CPU
	EndGlobalSection
	GlobalSection(SolutionProperties) = preSolution
		HideSolutionNode = FALSE
	EndGlobalSection
	GlobalSection(ExtensibilityGlobals) = postSolution
		SolutionGuid = {D601D001-5519-43E3-B438-92696E1C067C}
	EndGlobalSection
EndGlobal
