
Microsoft Visual Studio Solution File, Format Version 12.00
# Visual Studio Version 16
VisualStudioVersion = 16.0.30517.126
MinimumVisualStudioVersion = 10.0.40219.1
Project("{FAE04EC0-301F-11D3-BF4B-00C04F79EFBC}") = "LinkedListExample.Lib", "LinkedListExample.Lib\LinkedListExample.Lib.csproj", "{9F7E742B-550E-4626-83DD-592F79AE2BBF}"
EndProject
Project("{FAE04EC0-301F-11D3-BF4B-00C04F79EFBC}") = "LinkedListExample.Tests", "LinkedListExample.Tests\LinkedListExample.Tests.csproj", "{6E7894D6-8DC0-479C-BFC4-E82950156F43}"
EndProject
Global
	GlobalSection(SolutionConfigurationPlatforms) = preSolution
		Debug|Any CPU = Debug|Any CPU
		Release|Any CPU = Release|Any CPU
	EndGlobalSection
	GlobalSection(ProjectConfigurationPlatforms) = postSolution
		{9F7E742B-550E-4626-83DD-592F79AE2BBF}.Debug|Any CPU.ActiveCfg = Debug|Any CPU
		{9F7E742B-550E-4626-83DD-592F79AE2BBF}.Debug|Any CPU.Build.0 = Debug|Any CPU
		{9F7E742B-550E-4626-83DD-592F79AE2BBF}.Release|Any CPU.ActiveCfg = Release|Any CPU
		{9F7E742B-550E-4626-83DD-592F79AE2BBF}.Release|Any CPU.Build.0 = Release|Any CPU
		{6E7894D6-8DC0-479C-BFC4-E82950156F43}.Debug|Any CPU.ActiveCfg = Debug|Any CPU
		{6E7894D6-8DC0-479C-BFC4-E82950156F43}.Debug|Any CPU.Build.0 = Debug|Any CPU
		{6E7894D6-8DC0-479C-BFC4-E82950156F43}.Release|Any CPU.ActiveCfg = Release|Any CPU
		{6E7894D6-8DC0-479C-BFC4-E82950156F43}.Release|Any CPU.Build.0 = Release|Any CPU
	EndGlobalSection
	GlobalSection(SolutionProperties) = preSolution
		HideSolutionNode = FALSE
	EndGlobalSection
	GlobalSection(ExtensibilityGlobals) = postSolution
		SolutionGuid = {27963177-C751-4924-A40A-2A8D129F547D}
	EndGlobalSection
EndGlobal
